// !$*UTF8*$!
{
	archiveVersion = 1;
	classes = {
	};
	objectVersion = 46;
	objects = {

/* Begin PBXBuildFile section */
		200010AD1F59BB9700C6616C /* Main.storyboard in Resources */ = {isa = PBXBuildFile; fileRef = 200010AC1F59BB9700C6616C /* Main.storyboard */; };
		2003E5931F550DCB00C5F79C /* main.m in Sources */ = {isa = PBXBuildFile; fileRef = 2003E5921F550DCB00C5F79C /* main.m */; };
		2003E5961F550DCB00C5F79C /* AppDelegate.m in Sources */ = {isa = PBXBuildFile; fileRef = 2003E5951F550DCB00C5F79C /* AppDelegate.m */; };
		2003E5991F550DCB00C5F79C /* QRCodeCameraViewController.m in Sources */ = {isa = PBXBuildFile; fileRef = 2003E5981F550DCB00C5F79C /* QRCodeCameraViewController.m */; };
		2003E5A11F550DCB00C5F79C /* Assets.xcassets in Resources */ = {isa = PBXBuildFile; fileRef = 2003E5A01F550DCB00C5F79C /* Assets.xcassets */; };
		2003E5A41F550DCB00C5F79C /* LaunchScreen.storyboard in Resources */ = {isa = PBXBuildFile; fileRef = 2003E5A21F550DCB00C5F79C /* LaunchScreen.storyboard */; };
		2003E5AF1F550DCC00C5F79C /* KeyTests.m in Sources */ = {isa = PBXBuildFile; fileRef = 2003E5AE1F550DCC00C5F79C /* KeyTests.m */; };
		2003E5BA1F550DCC00C5F79C /* KeyUITests.m in Sources */ = {isa = PBXBuildFile; fileRef = 2003E5B91F550DCC00C5F79C /* KeyUITests.m */; };
		2003E5E01F565CD100C5F79C /* QRCodeTableViewController.m in Sources */ = {isa = PBXBuildFile; fileRef = 2003E5DF1F565CD100C5F79C /* QRCodeTableViewController.m */; };
		2003E5E31F56626C00C5F79C /* Key.xcdatamodeld in Sources */ = {isa = PBXBuildFile; fileRef = 2003E5E11F56626C00C5F79C /* Key.xcdatamodeld */; };
		2003E5E81F56665B00C5F79C /* QRCode+CoreDataClass.m in Sources */ = {isa = PBXBuildFile; fileRef = 2003E5E51F56665B00C5F79C /* QRCode+CoreDataClass.m */; };
		2003E5E91F56665B00C5F79C /* QRCode+CoreDataProperties.m in Sources */ = {isa = PBXBuildFile; fileRef = 2003E5E71F56665B00C5F79C /* QRCode+CoreDataProperties.m */; };
		2003E5EC1F56676D00C5F79C /* QRCodeTableViewCell.m in Sources */ = {isa = PBXBuildFile; fileRef = 2003E5EB1F56676D00C5F79C /* QRCodeTableViewCell.m */; };
		2003E6761F572FB100C5F79C /* RKSwipeBetweenViewControllers.m in Sources */ = {isa = PBXBuildFile; fileRef = 2003E6751F572FB100C5F79C /* RKSwipeBetweenViewControllers.m */; };
		2009704C1F6F4C25002FC677 /* beep.m4r in Resources */ = {isa = PBXBuildFile; fileRef = 2009704B1F6F4C25002FC677 /* beep.m4r */; };
		20151C0D1F86E72E0058B6E7 /* qr-code-sample.jpg in Resources */ = {isa = PBXBuildFile; fileRef = 20151C0C1F86E4580058B6E7 /* qr-code-sample.jpg */; };
		205B26531F6DF12B0087A7F3 /* ProfileManager.m in Sources */ = {isa = PBXBuildFile; fileRef = 205B26521F6DF12B0087A7F3 /* ProfileManager.m */; };
/* End PBXBuildFile section */

/* Begin PBXContainerItemProxy section */
		2003E5AB1F550DCC00C5F79C /* PBXContainerItemProxy */ = {
			isa = PBXContainerItemProxy;
			containerPortal = 2003E5861F550DCB00C5F79C /* Project object */;
			proxyType = 1;
			remoteGlobalIDString = 2003E58D1F550DCB00C5F79C;
			remoteInfo = Key;
		};
		2003E5B61F550DCC00C5F79C /* PBXContainerItemProxy */ = {
			isa = PBXContainerItemProxy;
			containerPortal = 2003E5861F550DCB00C5F79C /* Project object */;
			proxyType = 1;
			remoteGlobalIDString = 2003E58D1F550DCB00C5F79C;
			remoteInfo = Key;
		};
/* End PBXContainerItemProxy section */

/* Begin PBXFileReference section */
		200010AC1F59BB9700C6616C /* Main.storyboard */ = {isa = PBXFileReference; fileEncoding = 4; lastKnownFileType = file.storyboard; path = Main.storyboard; sourceTree = "<group>"; };
		2003E58E1F550DCB00C5F79C /* Key.app */ = {isa = PBXFileReference; explicitFileType = wrapper.application; includeInIndex = 0; path = Key.app; sourceTree = BUILT_PRODUCTS_DIR; };
		2003E5921F550DCB00C5F79C /* main.m */ = {isa = PBXFileReference; lastKnownFileType = sourcecode.c.objc; path = main.m; sourceTree = "<group>"; };
		2003E5941F550DCB00C5F79C /* AppDelegate.h */ = {isa = PBXFileReference; lastKnownFileType = sourcecode.c.h; path = AppDelegate.h; sourceTree = "<group>"; };
		2003E5951F550DCB00C5F79C /* AppDelegate.m */ = {isa = PBXFileReference; lastKnownFileType = sourcecode.c.objc; path = AppDelegate.m; sourceTree = "<group>"; };
		2003E5971F550DCB00C5F79C /* QRCodeCameraViewController.h */ = {isa = PBXFileReference; lastKnownFileType = sourcecode.c.h; path = QRCodeCameraViewController.h; sourceTree = "<group>"; };
		2003E5981F550DCB00C5F79C /* QRCodeCameraViewController.m */ = {isa = PBXFileReference; lastKnownFileType = sourcecode.c.objc; path = QRCodeCameraViewController.m; sourceTree = "<group>"; };
		2003E5A01F550DCB00C5F79C /* Assets.xcassets */ = {isa = PBXFileReference; lastKnownFileType = folder.assetcatalog; path = Assets.xcassets; sourceTree = "<group>"; };
		2003E5A31F550DCB00C5F79C /* Base */ = {isa = PBXFileReference; lastKnownFileType = file.storyboard; name = Base; path = Base.lproj/LaunchScreen.storyboard; sourceTree = "<group>"; };
		2003E5A51F550DCB00C5F79C /* Info.plist */ = {isa = PBXFileReference; lastKnownFileType = text.plist.xml; path = Info.plist; sourceTree = "<group>"; };
		2003E5AA1F550DCC00C5F79C /* KeyTests.xctest */ = {isa = PBXFileReference; explicitFileType = wrapper.cfbundle; includeInIndex = 0; path = KeyTests.xctest; sourceTree = BUILT_PRODUCTS_DIR; };
		2003E5AE1F550DCC00C5F79C /* KeyTests.m */ = {isa = PBXFileReference; lastKnownFileType = sourcecode.c.objc; path = KeyTests.m; sourceTree = "<group>"; };
		2003E5B01F550DCC00C5F79C /* Info.plist */ = {isa = PBXFileReference; lastKnownFileType = text.plist.xml; path = Info.plist; sourceTree = "<group>"; };
		2003E5B51F550DCC00C5F79C /* KeyUITests.xctest */ = {isa = PBXFileReference; explicitFileType = wrapper.cfbundle; includeInIndex = 0; path = KeyUITests.xctest; sourceTree = BUILT_PRODUCTS_DIR; };
		2003E5B91F550DCC00C5F79C /* KeyUITests.m */ = {isa = PBXFileReference; lastKnownFileType = sourcecode.c.objc; path = KeyUITests.m; sourceTree = "<group>"; };
		2003E5BB1F550DCC00C5F79C /* Info.plist */ = {isa = PBXFileReference; lastKnownFileType = text.plist.xml; path = Info.plist; sourceTree = "<group>"; };
		2003E5DE1F565CD100C5F79C /* QRCodeTableViewController.h */ = {isa = PBXFileReference; fileEncoding = 4; lastKnownFileType = sourcecode.c.h; path = QRCodeTableViewController.h; sourceTree = "<group>"; };
		2003E5DF1F565CD100C5F79C /* QRCodeTableViewController.m */ = {isa = PBXFileReference; fileEncoding = 4; lastKnownFileType = sourcecode.c.objc; path = QRCodeTableViewController.m; sourceTree = "<group>"; };
		2003E5E21F56626C00C5F79C /* Key.xcdatamodel */ = {isa = PBXFileReference; lastKnownFileType = wrapper.xcdatamodel; path = Key.xcdatamodel; sourceTree = "<group>"; };
		2003E5E41F56665B00C5F79C /* QRCode+CoreDataClass.h */ = {isa = PBXFileReference; fileEncoding = 4; lastKnownFileType = sourcecode.c.h; path = "QRCode+CoreDataClass.h"; sourceTree = "<group>"; };
		2003E5E51F56665B00C5F79C /* QRCode+CoreDataClass.m */ = {isa = PBXFileReference; fileEncoding = 4; lastKnownFileType = sourcecode.c.objc; path = "QRCode+CoreDataClass.m"; sourceTree = "<group>"; };
		2003E5E61F56665B00C5F79C /* QRCode+CoreDataProperties.h */ = {isa = PBXFileReference; fileEncoding = 4; lastKnownFileType = sourcecode.c.h; path = "QRCode+CoreDataProperties.h"; sourceTree = "<group>"; };
		2003E5E71F56665B00C5F79C /* QRCode+CoreDataProperties.m */ = {isa = PBXFileReference; fileEncoding = 4; lastKnownFileType = sourcecode.c.objc; path = "QRCode+CoreDataProperties.m"; sourceTree = "<group>"; };
		2003E5EA1F56676D00C5F79C /* QRCodeTableViewCell.h */ = {isa = PBXFileReference; fileEncoding = 4; lastKnownFileType = sourcecode.c.h; path = QRCodeTableViewCell.h; sourceTree = "<group>"; };
		2003E5EB1F56676D00C5F79C /* QRCodeTableViewCell.m */ = {isa = PBXFileReference; fileEncoding = 4; lastKnownFileType = sourcecode.c.objc; path = QRCodeTableViewCell.m; sourceTree = "<group>"; };
		2003E6741F572FB100C5F79C /* RKSwipeBetweenViewControllers.h */ = {isa = PBXFileReference; fileEncoding = 4; lastKnownFileType = sourcecode.c.h; path = RKSwipeBetweenViewControllers.h; sourceTree = "<group>"; };
		2003E6751F572FB100C5F79C /* RKSwipeBetweenViewControllers.m */ = {isa = PBXFileReference; fileEncoding = 4; lastKnownFileType = sourcecode.c.objc; path = RKSwipeBetweenViewControllers.m; sourceTree = "<group>"; };
		2009704B1F6F4C25002FC677 /* beep.m4r */ = {isa = PBXFileReference; lastKnownFileType = file; path = beep.m4r; sourceTree = "<group>"; };
		20151C0C1F86E4580058B6E7 /* qr-code-sample.jpg */ = {isa = PBXFileReference; lastKnownFileType = image.jpeg; path = "qr-code-sample.jpg"; sourceTree = "<group>"; };
		205B26511F6DF12B0087A7F3 /* ProfileManager.h */ = {isa = PBXFileReference; fileEncoding = 4; lastKnownFileType = sourcecode.c.h; path = ProfileManager.h; sourceTree = "<group>"; };
		205B26521F6DF12B0087A7F3 /* ProfileManager.m */ = {isa = PBXFileReference; fileEncoding = 4; lastKnownFileType = sourcecode.c.objc; path = ProfileManager.m; sourceTree = "<group>"; };
/* End PBXFileReference section */

/* Begin PBXFrameworksBuildPhase section */
		2003E58B1F550DCB00C5F79C /* Frameworks */ = {
			isa = PBXFrameworksBuildPhase;
			buildActionMask = 2147483647;
			files = (
			);
			runOnlyForDeploymentPostprocessing = 0;
		};
		2003E5A71F550DCC00C5F79C /* Frameworks */ = {
			isa = PBXFrameworksBuildPhase;
			buildActionMask = 2147483647;
			files = (
			);
			runOnlyForDeploymentPostprocessing = 0;
		};
		2003E5B21F550DCC00C5F79C /* Frameworks */ = {
			isa = PBXFrameworksBuildPhase;
			buildActionMask = 2147483647;
			files = (
			);
			runOnlyForDeploymentPostprocessing = 0;
		};
/* End PBXFrameworksBuildPhase section */

/* Begin PBXGroup section */
		2003E5851F550DCB00C5F79C = {
			isa = PBXGroup;
			children = (
				2003E5901F550DCB00C5F79C /* Key */,
				2003E5AD1F550DCC00C5F79C /* KeyTests */,
				2003E5B81F550DCC00C5F79C /* KeyUITests */,
				2003E58F1F550DCB00C5F79C /* Products */,
			);
			sourceTree = "<group>";
		};
		2003E58F1F550DCB00C5F79C /* Products */ = {
			isa = PBXGroup;
			children = (
				2003E58E1F550DCB00C5F79C /* Key.app */,
				2003E5AA1F550DCC00C5F79C /* KeyTests.xctest */,
				2003E5B51F550DCC00C5F79C /* KeyUITests.xctest */,
			);
			name = Products;
			sourceTree = "<group>";
		};
		2003E5901F550DCB00C5F79C /* Key */ = {
			isa = PBXGroup;
			children = (
				2003E5941F550DCB00C5F79C /* AppDelegate.h */,
				2003E5951F550DCB00C5F79C /* AppDelegate.m */,
				2003E6741F572FB100C5F79C /* RKSwipeBetweenViewControllers.h */,
				2003E6751F572FB100C5F79C /* RKSwipeBetweenViewControllers.m */,
				2003E5DE1F565CD100C5F79C /* QRCodeTableViewController.h */,
				2003E5DF1F565CD100C5F79C /* QRCodeTableViewController.m */,
				2003E5EA1F56676D00C5F79C /* QRCodeTableViewCell.h */,
				2003E5EB1F56676D00C5F79C /* QRCodeTableViewCell.m */,
				2003E5971F550DCB00C5F79C /* QRCodeCameraViewController.h */,
				2003E5981F550DCB00C5F79C /* QRCodeCameraViewController.m */,
				205B26511F6DF12B0087A7F3 /* ProfileManager.h */,
				205B26521F6DF12B0087A7F3 /* ProfileManager.m */,
				200970501F6F59E5002FC677 /* Views */,
				2003E5D31F5659F600C5F79C /* Core Data */,
				2009704D1F6F4C42002FC677 /* Assets */,
				2003E5911F550DCB00C5F79C /* Supporting Files */,
			);
			path = Key;
			sourceTree = "<group>";
		};
		2003E5911F550DCB00C5F79C /* Supporting Files */ = {
			isa = PBXGroup;
			children = (
				2003E5A01F550DCB00C5F79C /* Assets.xcassets */,
				2003E5A21F550DCB00C5F79C /* LaunchScreen.storyboard */,
				2003E5A51F550DCB00C5F79C /* Info.plist */,
				2003E5921F550DCB00C5F79C /* main.m */,
			);
			name = "Supporting Files";
			sourceTree = "<group>";
		};
		2003E5AD1F550DCC00C5F79C /* KeyTests */ = {
			isa = PBXGroup;
			children = (
				2003E5AE1F550DCC00C5F79C /* KeyTests.m */,
				2003E5B01F550DCC00C5F79C /* Info.plist */,
			);
			path = KeyTests;
			sourceTree = "<group>";
		};
		2003E5B81F550DCC00C5F79C /* KeyUITests */ = {
			isa = PBXGroup;
			children = (
				2003E5B91F550DCC00C5F79C /* KeyUITests.m */,
				2003E5BB1F550DCC00C5F79C /* Info.plist */,
			);
			path = KeyUITests;
			sourceTree = "<group>";
		};
		2003E5D31F5659F600C5F79C /* Core Data */ = {
			isa = PBXGroup;
			children = (
				2003E5E41F56665B00C5F79C /* QRCode+CoreDataClass.h */,
				2003E5E51F56665B00C5F79C /* QRCode+CoreDataClass.m */,
				2003E5E61F56665B00C5F79C /* QRCode+CoreDataProperties.h */,
				2003E5E71F56665B00C5F79C /* QRCode+CoreDataProperties.m */,
				2003E5E11F56626C00C5F79C /* Key.xcdatamodeld */,
			);
			name = "Core Data";
			sourceTree = "<group>";
		};
		2009704D1F6F4C42002FC677 /* Assets */ = {
			isa = PBXGroup;
			children = (
				2009704B1F6F4C25002FC677 /* beep.m4r */,
				20151C0C1F86E4580058B6E7 /* qr-code-sample.jpg */,
			);
			name = Assets;
			sourceTree = "<group>";
		};
		200970501F6F59E5002FC677 /* Views */ = {
			isa = PBXGroup;
			children = (
				200010AC1F59BB9700C6616C /* Main.storyboard */,
			);
			name = Views;
			sourceTree = "<group>";
		};
/* End PBXGroup section */

/* Begin PBXNativeTarget section */
		2003E58D1F550DCB00C5F79C /* Key */ = {
			isa = PBXNativeTarget;
			buildConfigurationList = 2003E5BE1F550DCC00C5F79C /* Build configuration list for PBXNativeTarget "Key" */;
			buildPhases = (
				2003E58A1F550DCB00C5F79C /* Sources */,
				2003E58B1F550DCB00C5F79C /* Frameworks */,
				2003E58C1F550DCB00C5F79C /* Resources */,
			);
			buildRules = (
			);
			dependencies = (
			);
			name = Key;
			productName = Key;
			productReference = 2003E58E1F550DCB00C5F79C /* Key.app */;
			productType = "com.apple.product-type.application";
		};
		2003E5A91F550DCC00C5F79C /* KeyTests */ = {
			isa = PBXNativeTarget;
			buildConfigurationList = 2003E5C11F550DCC00C5F79C /* Build configuration list for PBXNativeTarget "KeyTests" */;
			buildPhases = (
				2003E5A61F550DCC00C5F79C /* Sources */,
				2003E5A71F550DCC00C5F79C /* Frameworks */,
				2003E5A81F550DCC00C5F79C /* Resources */,
			);
			buildRules = (
			);
			dependencies = (
				2003E5AC1F550DCC00C5F79C /* PBXTargetDependency */,
			);
			name = KeyTests;
			productName = KeyTests;
			productReference = 2003E5AA1F550DCC00C5F79C /* KeyTests.xctest */;
			productType = "com.apple.product-type.bundle.unit-test";
		};
		2003E5B41F550DCC00C5F79C /* KeyUITests */ = {
			isa = PBXNativeTarget;
			buildConfigurationList = 2003E5C41F550DCC00C5F79C /* Build configuration list for PBXNativeTarget "KeyUITests" */;
			buildPhases = (
				2003E5B11F550DCC00C5F79C /* Sources */,
				2003E5B21F550DCC00C5F79C /* Frameworks */,
				2003E5B31F550DCC00C5F79C /* Resources */,
			);
			buildRules = (
			);
			dependencies = (
				2003E5B71F550DCC00C5F79C /* PBXTargetDependency */,
			);
			name = KeyUITests;
			productName = KeyUITests;
			productReference = 2003E5B51F550DCC00C5F79C /* KeyUITests.xctest */;
			productType = "com.apple.product-type.bundle.ui-testing";
		};
/* End PBXNativeTarget section */

/* Begin PBXProject section */
		2003E5861F550DCB00C5F79C /* Project object */ = {
			isa = PBXProject;
			attributes = {
				LastUpgradeCheck = 0900;
				ORGANIZATIONNAME = Key;
				TargetAttributes = {
					2003E58D1F550DCB00C5F79C = {
						CreatedOnToolsVersion = 8.3.3;
						DevelopmentTeam = 5VP7YKPM9T;
						ProvisioningStyle = Automatic;
					};
					2003E5A91F550DCC00C5F79C = {
						CreatedOnToolsVersion = 8.3.3;
						DevelopmentTeam = 5VP7YKPM9T;
						ProvisioningStyle = Automatic;
						TestTargetID = 2003E58D1F550DCB00C5F79C;
					};
					2003E5B41F550DCC00C5F79C = {
						CreatedOnToolsVersion = 8.3.3;
						DevelopmentTeam = 5VP7YKPM9T;
						ProvisioningStyle = Automatic;
						TestTargetID = 2003E58D1F550DCB00C5F79C;
					};
				};
			};
			buildConfigurationList = 2003E5891F550DCB00C5F79C /* Build configuration list for PBXProject "Key" */;
			compatibilityVersion = "Xcode 3.2";
			developmentRegion = English;
			hasScannedForEncodings = 0;
			knownRegions = (
				en,
				Base,
			);
			mainGroup = 2003E5851F550DCB00C5F79C;
			productRefGroup = 2003E58F1F550DCB00C5F79C /* Products */;
			projectDirPath = "";
			projectRoot = "";
			targets = (
				2003E58D1F550DCB00C5F79C /* Key */,
				2003E5A91F550DCC00C5F79C /* KeyTests */,
				2003E5B41F550DCC00C5F79C /* KeyUITests */,
			);
		};
/* End PBXProject section */

/* Begin PBXResourcesBuildPhase section */
		2003E58C1F550DCB00C5F79C /* Resources */ = {
			isa = PBXResourcesBuildPhase;
			buildActionMask = 2147483647;
			files = (
				20151C0D1F86E72E0058B6E7 /* qr-code-sample.jpg in Resources */,
				2003E5A41F550DCB00C5F79C /* LaunchScreen.storyboard in Resources */,
				2009704C1F6F4C25002FC677 /* beep.m4r in Resources */,
				2003E5A11F550DCB00C5F79C /* Assets.xcassets in Resources */,
				200010AD1F59BB9700C6616C /* Main.storyboard in Resources */,
			);
			runOnlyForDeploymentPostprocessing = 0;
		};
		2003E5A81F550DCC00C5F79C /* Resources */ = {
			isa = PBXResourcesBuildPhase;
			buildActionMask = 2147483647;
			files = (
			);
			runOnlyForDeploymentPostprocessing = 0;
		};
		2003E5B31F550DCC00C5F79C /* Resources */ = {
			isa = PBXResourcesBuildPhase;
			buildActionMask = 2147483647;
			files = (
			);
			runOnlyForDeploymentPostprocessing = 0;
		};
/* End PBXResourcesBuildPhase section */

/* Begin PBXSourcesBuildPhase section */
		2003E58A1F550DCB00C5F79C /* Sources */ = {
			isa = PBXSourcesBuildPhase;
			buildActionMask = 2147483647;
			files = (
				2003E5991F550DCB00C5F79C /* QRCodeCameraViewController.m in Sources */,
				2003E5EC1F56676D00C5F79C /* QRCodeTableViewCell.m in Sources */,
				2003E5961F550DCB00C5F79C /* AppDelegate.m in Sources */,
				2003E5E01F565CD100C5F79C /* QRCodeTableViewController.m in Sources */,
				2003E5E81F56665B00C5F79C /* QRCode+CoreDataClass.m in Sources */,
				2003E5931F550DCB00C5F79C /* main.m in Sources */,
				2003E6761F572FB100C5F79C /* RKSwipeBetweenViewControllers.m in Sources */,
				2003E5E91F56665B00C5F79C /* QRCode+CoreDataProperties.m in Sources */,
				2003E5E31F56626C00C5F79C /* Key.xcdatamodeld in Sources */,
				205B26531F6DF12B0087A7F3 /* ProfileManager.m in Sources */,
			);
			runOnlyForDeploymentPostprocessing = 0;
		};
		2003E5A61F550DCC00C5F79C /* Sources */ = {
			isa = PBXSourcesBuildPhase;
			buildActionMask = 2147483647;
			files = (
				2003E5AF1F550DCC00C5F79C /* KeyTests.m in Sources */,
			);
			runOnlyForDeploymentPostprocessing = 0;
		};
		2003E5B11F550DCC00C5F79C /* Sources */ = {
			isa = PBXSourcesBuildPhase;
			buildActionMask = 2147483647;
			files = (
				2003E5BA1F550DCC00C5F79C /* KeyUITests.m in Sources */,
			);
			runOnlyForDeploymentPostprocessing = 0;
		};
/* End PBXSourcesBuildPhase section */

/* Begin PBXTargetDependency section */
		2003E5AC1F550DCC00C5F79C /* PBXTargetDependency */ = {
			isa = PBXTargetDependency;
			target = 2003E58D1F550DCB00C5F79C /* Key */;
			targetProxy = 2003E5AB1F550DCC00C5F79C /* PBXContainerItemProxy */;
		};
		2003E5B71F550DCC00C5F79C /* PBXTargetDependency */ = {
			isa = PBXTargetDependency;
			target = 2003E58D1F550DCB00C5F79C /* Key */;
			targetProxy = 2003E5B61F550DCC00C5F79C /* PBXContainerItemProxy */;
		};
/* End PBXTargetDependency section */

/* Begin PBXVariantGroup section */
		2003E5A21F550DCB00C5F79C /* LaunchScreen.storyboard */ = {
			isa = PBXVariantGroup;
			children = (
				2003E5A31F550DCB00C5F79C /* Base */,
			);
			name = LaunchScreen.storyboard;
			sourceTree = "<group>";
		};
/* End PBXVariantGroup section */

/* Begin XCBuildConfiguration section */
		2003E5BC1F550DCC00C5F79C /* Debug */ = {
			isa = XCBuildConfiguration;
			buildSettings = {
				ALWAYS_SEARCH_USER_PATHS = NO;
				CLANG_ANALYZER_NONNULL = YES;
				CLANG_ANALYZER_NUMBER_OBJECT_CONVERSION = YES_AGGRESSIVE;
				CLANG_CXX_LANGUAGE_STANDARD = "gnu++0x";
				CLANG_CXX_LIBRARY = "libc++";
				CLANG_ENABLE_MODULES = YES;
				CLANG_ENABLE_OBJC_ARC = YES;
				CLANG_WARN_BLOCK_CAPTURE_AUTORELEASING = YES;
				CLANG_WARN_BOOL_CONVERSION = YES;
				CLANG_WARN_COMMA = YES;
				CLANG_WARN_CONSTANT_CONVERSION = YES;
				CLANG_WARN_DIRECT_OBJC_ISA_USAGE = YES_ERROR;
				CLANG_WARN_DOCUMENTATION_COMMENTS = YES;
				CLANG_WARN_EMPTY_BODY = YES;
				CLANG_WARN_ENUM_CONVERSION = YES;
				CLANG_WARN_INFINITE_RECURSION = YES;
				CLANG_WARN_INT_CONVERSION = YES;
				CLANG_WARN_NON_LITERAL_NULL_CONVERSION = YES;
				CLANG_WARN_OBJC_LITERAL_CONVERSION = YES;
				CLANG_WARN_OBJC_ROOT_CLASS = YES_ERROR;
				CLANG_WARN_RANGE_LOOP_ANALYSIS = YES;
				CLANG_WARN_STRICT_PROTOTYPES = YES;
				CLANG_WARN_SUSPICIOUS_MOVE = YES;
				CLANG_WARN_UNREACHABLE_CODE = YES;
				CLANG_WARN__DUPLICATE_METHOD_MATCH = YES;
				"CODE_SIGN_IDENTITY[sdk=iphoneos*]" = "iPhone Developer";
				COPY_PHASE_STRIP = NO;
				DEBUG_INFORMATION_FORMAT = dwarf;
				ENABLE_STRICT_OBJC_MSGSEND = YES;
				ENABLE_TESTABILITY = YES;
				GCC_C_LANGUAGE_STANDARD = gnu99;
				GCC_DYNAMIC_NO_PIC = NO;
				GCC_NO_COMMON_BLOCKS = YES;
				GCC_OPTIMIZATION_LEVEL = 0;
				GCC_PREPROCESSOR_DEFINITIONS = (
					"DEBUG=1",
					"$(inherited)",
				);
				GCC_WARN_64_TO_32_BIT_CONVERSION = YES;
				GCC_WARN_ABOUT_RETURN_TYPE = YES_ERROR;
				GCC_WARN_UNDECLARED_SELECTOR = YES;
				GCC_WARN_UNINITIALIZED_AUTOS = YES_AGGRESSIVE;
				GCC_WARN_UNUSED_FUNCTION = YES;
				GCC_WARN_UNUSED_VARIABLE = YES;
				IPHONEOS_DEPLOYMENT_TARGET = 10.3;
				MTL_ENABLE_DEBUG_INFO = YES;
				ONLY_ACTIVE_ARCH = YES;
				SDKROOT = iphoneos;
				TARGETED_DEVICE_FAMILY = "1,2";
			};
			name = Debug;
		};
		2003E5BD1F550DCC00C5F79C /* Release */ = {
			isa = XCBuildConfiguration;
			buildSettings = {
				ALWAYS_SEARCH_USER_PATHS = NO;
				CLANG_ANALYZER_NONNULL = YES;
				CLANG_ANALYZER_NUMBER_OBJECT_CONVERSION = YES_AGGRESSIVE;
				CLANG_CXX_LANGUAGE_STANDARD = "gnu++0x";
				CLANG_CXX_LIBRARY = "libc++";
				CLANG_ENABLE_MODULES = YES;
				CLANG_ENABLE_OBJC_ARC = YES;
				CLANG_WARN_BLOCK_CAPTURE_AUTORELEASING = YES;
				CLANG_WARN_BOOL_CONVERSION = YES;
				CLANG_WARN_COMMA = YES;
				CLANG_WARN_CONSTANT_CONVERSION = YES;
				CLANG_WARN_DIRECT_OBJC_ISA_USAGE = YES_ERROR;
				CLANG_WARN_DOCUMENTATION_COMMENTS = YES;
				CLANG_WARN_EMPTY_BODY = YES;
				CLANG_WARN_ENUM_CONVERSION = YES;
				CLANG_WARN_INFINITE_RECURSION = YES;
				CLANG_WARN_INT_CONVERSION = YES;
				CLANG_WARN_NON_LITERAL_NULL_CONVERSION = YES;
				CLANG_WARN_OBJC_LITERAL_CONVERSION = YES;
				CLANG_WARN_OBJC_ROOT_CLASS = YES_ERROR;
				CLANG_WARN_RANGE_LOOP_ANALYSIS = YES;
				CLANG_WARN_STRICT_PROTOTYPES = YES;
				CLANG_WARN_SUSPICIOUS_MOVE = YES;
				CLANG_WARN_UNREACHABLE_CODE = YES;
				CLANG_WARN__DUPLICATE_METHOD_MATCH = YES;
				"CODE_SIGN_IDENTITY[sdk=iphoneos*]" = "iPhone Developer";
				COPY_PHASE_STRIP = NO;
				DEBUG_INFORMATION_FORMAT = "dwarf-with-dsym";
				ENABLE_NS_ASSERTIONS = NO;
				ENABLE_STRICT_OBJC_MSGSEND = YES;
				GCC_C_LANGUAGE_STANDARD = gnu99;
				GCC_NO_COMMON_BLOCKS = YES;
				GCC_WARN_64_TO_32_BIT_CONVERSION = YES;
				GCC_WARN_ABOUT_RETURN_TYPE = YES_ERROR;
				GCC_WARN_UNDECLARED_SELECTOR = YES;
				GCC_WARN_UNINITIALIZED_AUTOS = YES_AGGRESSIVE;
				GCC_WARN_UNUSED_FUNCTION = YES;
				GCC_WARN_UNUSED_VARIABLE = YES;
				IPHONEOS_DEPLOYMENT_TARGET = 10.3;
				MTL_ENABLE_DEBUG_INFO = NO;
				SDKROOT = iphoneos;
				TARGETED_DEVICE_FAMILY = "1,2";
				VALIDATE_PRODUCT = YES;
			};
			name = Release;
		};
		2003E5BF1F550DCC00C5F79C /* Debug */ = {
			isa = XCBuildConfiguration;
			buildSettings = {
				ASSETCATALOG_COMPILER_APPICON_NAME = AppIcon;
				DEVELOPMENT_TEAM = 5VP7YKPM9T;
				INFOPLIST_FILE = Key/Info.plist;
				LD_RUNPATH_SEARCH_PATHS = "$(inherited) @executable_path/Frameworks";
				PRODUCT_BUNDLE_IDENTIFIER = org.Key.jtrejo13.Key;
				PRODUCT_NAME = "$(TARGET_NAME)";
			};
			name = Debug;
		};
		2003E5C01F550DCC00C5F79C /* Release */ = {
			isa = XCBuildConfiguration;
			buildSettings = {
				ASSETCATALOG_COMPILER_APPICON_NAME = AppIcon;
				DEVELOPMENT_TEAM = 5VP7YKPM9T;
				INFOPLIST_FILE = Key/Info.plist;
				LD_RUNPATH_SEARCH_PATHS = "$(inherited) @executable_path/Frameworks";
				PRODUCT_BUNDLE_IDENTIFIER = org.Key.jtrejo13.Key;
				PRODUCT_NAME = "$(TARGET_NAME)";
			};
			name = Release;
		};
		2003E5C21F550DCC00C5F79C /* Debug */ = {
			isa = XCBuildConfiguration;
			buildSettings = {
				BUNDLE_LOADER = "$(TEST_HOST)";
				DEVELOPMENT_TEAM = 5VP7YKPM9T;
				INFOPLIST_FILE = KeyTests/Info.plist;
				LD_RUNPATH_SEARCH_PATHS = "$(inherited) @executable_path/Frameworks @loader_path/Frameworks";
				PRODUCT_BUNDLE_IDENTIFIER = org.Key.jtrejo13.KeyTests;
				PRODUCT_NAME = "$(TARGET_NAME)";
				TEST_HOST = "$(BUILT_PRODUCTS_DIR)/Key.app/Key";
			};
			name = Debug;
		};
		2003E5C31F550DCC00C5F79C /* Release */ = {
			isa = XCBuildConfiguration;
			buildSettings = {
				BUNDLE_LOADER = "$(TEST_HOST)";
				DEVELOPMENT_TEAM = 5VP7YKPM9T;
				INFOPLIST_FILE = KeyTests/Info.plist;
				LD_RUNPATH_SEARCH_PATHS = "$(inherited) @executable_path/Frameworks @loader_path/Frameworks";
				PRODUCT_BUNDLE_IDENTIFIER = org.Key.jtrejo13.KeyTests;
				PRODUCT_NAME = "$(TARGET_NAME)";
				TEST_HOST = "$(BUILT_PRODUCTS_DIR)/Key.app/Key";
			};
			name = Release;
		};
		2003E5C51F550DCC00C5F79C /* Debug */ = {
			isa = XCBuildConfiguration;
			buildSettings = {
				DEVELOPMENT_TEAM = 5VP7YKPM9T;
				INFOPLIST_FILE = KeyUITests/Info.plist;
				LD_RUNPATH_SEARCH_PATHS = "$(inherited) @executable_path/Frameworks @loader_path/Frameworks";
				PRODUCT_BUNDLE_IDENTIFIER = org.Key.jtrejo13.KeyUITests;
				PRODUCT_NAME = "$(TARGET_NAME)";
				TEST_TARGET_NAME = Key;
			};
			name = Debug;
		};
		2003E5C61F550DCC00C5F79C /* Release */ = {
			isa = XCBuildConfiguration;
			buildSettings = {
				DEVELOPMENT_TEAM = 5VP7YKPM9T;
				INFOPLIST_FILE = KeyUITests/Info.plist;
				LD_RUNPATH_SEARCH_PATHS = "$(inherited) @executable_path/Frameworks @loader_path/Frameworks";
				PRODUCT_BUNDLE_IDENTIFIER = org.Key.jtrejo13.KeyUITests;
				PRODUCT_NAME = "$(TARGET_NAME)";
				TEST_TARGET_NAME = Key;
			};
			name = Release;
		};
/* End XCBuildConfiguration section */

/* Begin XCConfigurationList section */
		2003E5891F550DCB00C5F79C /* Build configuration list for PBXProject "Key" */ = {
			isa = XCConfigurationList;
			buildConfigurations = (
				2003E5BC1F550DCC00C5F79C /* Debug */,
				2003E5BD1F550DCC00C5F79C /* Release */,
			);
			defaultConfigurationIsVisible = 0;
			defaultConfigurationName = Release;
		};
		2003E5BE1F550DCC00C5F79C /* Build configuration list for PBXNativeTarget "Key" */ = {
			isa = XCConfigurationList;
			buildConfigurations = (
				2003E5BF1F550DCC00C5F79C /* Debug */,
				2003E5C01F550DCC00C5F79C /* Release */,
			);
			defaultConfigurationIsVisible = 0;
			defaultConfigurationName = Release;
		};
		2003E5C11F550DCC00C5F79C /* Build configuration list for PBXNativeTarget "KeyTests" */ = {
			isa = XCConfigurationList;
			buildConfigurations = (
				2003E5C21F550DCC00C5F79C /* Debug */,
				2003E5C31F550DCC00C5F79C /* Release */,
			);
			defaultConfigurationIsVisible = 0;
			defaultConfigurationName = Release;
		};
		2003E5C41F550DCC00C5F79C /* Build configuration list for PBXNativeTarget "KeyUITests" */ = {
			isa = XCConfigurationList;
			buildConfigurations = (
				2003E5C51F550DCC00C5F79C /* Debug */,
				2003E5C61F550DCC00C5F79C /* Release */,
			);
			defaultConfigurationIsVisible = 0;
			defaultConfigurationName = Release;
		};
/* End XCConfigurationList section */

/* Begin XCVersionGroup section */
		2003E5E11F56626C00C5F79C /* Key.xcdatamodeld */ = {
			isa = XCVersionGroup;
			children = (
				2003E5E21F56626C00C5F79C /* Key.xcdatamodel */,
			);
			currentVersion = 2003E5E21F56626C00C5F79C /* Key.xcdatamodel */;
			path = Key.xcdatamodeld;
			sourceTree = "<group>";
			versionGroupType = wrapper.xcdatamodel;
		};
/* End XCVersionGroup section */
	};
	rootObject = 2003E5861F550DCB00C5F79C /* Project object */;
}
